
Microsoft Visual Studio Solution File, Format Version 12.00
# Visual Studio 15
VisualStudioVersion = 15.0.28307.1231
MinimumVisualStudioVersion = 10.0.40219.1
Project("{888888A0-9F3D-457C-B088-3A5042F75D52}") = "gaolei", "gaolei\gaolei.pyproj", "{57614734-C321-4C07-BE3B-7A813A00695D}"
EndProject
Global
	GlobalSection(SolutionConfigurationPlatforms) = preSolution
		Debug|Any CPU = Debug|Any CPU
		Release|Any CPU = Release|Any CPU
	EndGlobalSection
	GlobalSection(ProjectConfigurationPlatforms) = postSolution
		{57614734-C321-4C07-BE3B-7A813A00695D}.Debug|Any CPU.ActiveCfg = Debug|Any CPU
		{57614734-C321-4C07-BE3B-7A813A00695D}.Release|Any CPU.ActiveCfg = Release|Any CPU
	EndGlobalSection
	GlobalSection(SolutionProperties) = preSolution
		HideSolutionNode = FALSE
	EndGlobalSection
	GlobalSection(ExtensibilityGlobals) = postSolution
		SolutionGuid = {6154DF10-4878-4FE0-AE12-93F1A0991CD1}
	EndGlobalSection
EndGlobal
